
Microsoft Visual Studio Solution File, Format Version 12.00
# Visual Studio Version 17
VisualStudioVersion = 17.10.35013.160
MinimumVisualStudioVersion = 10.0.40219.1
Project("{FAE04EC0-301F-11D3-BF4B-00C04F79EFBC}") = "PoeApp", "PoeApp\PoeApp.csproj", "{CCE16724-7429-4681-8ACD-E5DB61D4DCEE}"
EndProject
Global
	GlobalSection(SolutionConfigurationPlatforms) = preSolution
		Debug|Any CPU = Debug|Any CPU
		Release|Any CPU = Release|Any CPU
	EndGlobalSection
	GlobalSection(ProjectConfigurationPlatforms) = postSolution
		{CCE16724-7429-4681-8ACD-E5DB61D4DCEE}.Debug|Any CPU.ActiveCfg = Debug|Any CPU
		{CCE16724-7429-4681-8ACD-E5DB61D4DCEE}.Debug|Any CPU.Build.0 = Debug|Any CPU
		{CCE16724-7429-4681-8ACD-E5DB61D4DCEE}.Release|Any CPU.ActiveCfg = Release|Any CPU
		{CCE16724-7429-4681-8ACD-E5DB61D4DCEE}.Release|Any CPU.Build.0 = Release|Any CPU
	EndGlobalSection
	GlobalSection(SolutionProperties) = preSolution
		HideSolutionNode = FALSE
	EndGlobalSection
	GlobalSection(ExtensibilityGlobals) = postSolution
		SolutionGuid = {558B3225-EA43-4650-8A6F-025BB4C805D0}
	EndGlobalSection
EndGlobal
